{
  "name": "wechat-app-mall",
  "version": "7.0.0",
  "lockfileVersion": 1,
  "requires": true,
  "dependencies": {
    "apifm-wxapi": {
      "version": "2.0.0",
      "resolved": "https://registry.npmjs.org/apifm-wxapi/-/apifm-wxapi-2.0.0.tgz",
      "integrity": "sha512-I8B8KbQ/zb43SYlWWKsE9qFeqG344OkfYuC4dZvHExAa4FbRC0Hna6Z2sehGXqkN3ILEbt5r7gjK5m1uC++1kQ=="
    }
  }
}
